
Microsoft Visual Studio Solution File, Format Version 12.00
# Visual Studio Version 16
VisualStudioVersion = 16.0.30711.63
MinimumVisualStudioVersion = 10.0.40219.1
Project("{FAE04EC0-301F-11D3-BF4B-00C04F79EFBC}") = "Deribit-Scalper-Trainer", "Deribit-Scalper-Trainer.csproj", "{F99842F0-05F1-4691-A1DE-E566ED5FE66E}"
EndProject
Global
	GlobalSection(SolutionConfigurationPlatforms) = preSolution
		Debug|Any CPU = Debug|Any CPU
		Release|Any CPU = Release|Any CPU
	EndGlobalSection
	GlobalSection(ProjectConfigurationPlatforms) = postSolution
		{F99842F0-05F1-4691-A1DE-E566ED5FE66E}.Debug|Any CPU.ActiveCfg = Debug|Any CPU
		{F99842F0-05F1-4691-A1DE-E566ED5FE66E}.Debug|Any CPU.Build.0 = Debug|Any CPU
		{F99842F0-05F1-4691-A1DE-E566ED5FE66E}.Release|Any CPU.ActiveCfg = Release|Any CPU
		{F99842F0-05F1-4691-A1DE-E566ED5FE66E}.Release|Any CPU.Build.0 = Release|Any CPU
	EndGlobalSection
	GlobalSection(SolutionProperties) = preSolution
		HideSolutionNode = FALSE
	EndGlobalSection
	GlobalSection(ExtensibilityGlobals) = postSolution
		SolutionGuid = {8C46D552-F3B7-4020-AE71-472393599AA9}
	EndGlobalSection
EndGlobal
